
Microsoft Visual Studio Solution File, Format Version 12.00
# Visual Studio Version 17
VisualStudioVersion = 17.4.33403.182
MinimumVisualStudioVersion = 10.0.40219.1
Project("{FAE04EC0-301F-11D3-BF4B-00C04F79EFBC}") = "ZacharyKilburn_BlazorWASM", "ZacharyKilburn_BlazorWASM.csproj", "{4CBA039C-E397-4E51-9050-00AB9D829E76}"
EndProject
Global
	GlobalSection(SolutionConfigurationPlatforms) = preSolution
		Debug|Any CPU = Debug|Any CPU
		Release|Any CPU = Release|Any CPU
	EndGlobalSection
	GlobalSection(ProjectConfigurationPlatforms) = postSolution
		{4CBA039C-E397-4E51-9050-00AB9D829E76}.Debug|Any CPU.ActiveCfg = Debug|Any CPU
		{4CBA039C-E397-4E51-9050-00AB9D829E76}.Debug|Any CPU.Build.0 = Debug|Any CPU
		{4CBA039C-E397-4E51-9050-00AB9D829E76}.Release|Any CPU.ActiveCfg = Release|Any CPU
		{4CBA039C-E397-4E51-9050-00AB9D829E76}.Release|Any CPU.Build.0 = Release|Any CPU
	EndGlobalSection
	GlobalSection(SolutionProperties) = preSolution
		HideSolutionNode = FALSE
	EndGlobalSection
	GlobalSection(ExtensibilityGlobals) = postSolution
		SolutionGuid = {D09225CD-6F81-42DE-A334-366389E0A7FE}
	EndGlobalSection
EndGlobal
